
Microsoft Visual Studio Solution File, Format Version 12.00
# Visual Studio Version 17
VisualStudioVersion = 17.4.33213.308
MinimumVisualStudioVersion = 10.0.40219.1
Project("{888888A0-9F3D-457C-B088-3A5042F75D52}") = "BuildUp_Python", "BuildUp_Python\BuildUp_Python.pyproj", "{F970340A-8371-4792-9637-AF4169F93728}"
EndProject
Global
	GlobalSection(SolutionConfigurationPlatforms) = preSolution
		Debug|Any CPU = Debug|Any CPU
		Release|Any CPU = Release|Any CPU
	EndGlobalSection
	GlobalSection(ProjectConfigurationPlatforms) = postSolution
		{F970340A-8371-4792-9637-AF4169F93728}.Debug|Any CPU.ActiveCfg = Debug|Any CPU
		{F970340A-8371-4792-9637-AF4169F93728}.Release|Any CPU.ActiveCfg = Release|Any CPU
	EndGlobalSection
	GlobalSection(SolutionProperties) = preSolution
		HideSolutionNode = FALSE
	EndGlobalSection
	GlobalSection(ExtensibilityGlobals) = postSolution
		SolutionGuid = {15AF5699-7621-401D-9E41-0633D0D02B74}
	EndGlobalSection
EndGlobal
